
Microsoft Visual Studio Solution File, Format Version 12.00
# Visual Studio Version 17
VisualStudioVersion = 17.14.36908.2 d17.14
MinimumVisualStudioVersion = 10.0.40219.1
Project("{FAE04EC0-301F-11D3-BF4B-00C04F79EFBC}") = "WebsiteProgect", "WebsiteProgect\WebsiteProgect.csproj", "{8BA7517F-E9F0-4B8E-BCB6-2CE20FC04464}"
EndProject
Global
	GlobalSection(SolutionConfigurationPlatforms) = preSolution
		Debug|Any CPU = Debug|Any CPU
		Release|Any CPU = Release|Any CPU
	EndGlobalSection
	GlobalSection(ProjectConfigurationPlatforms) = postSolution
		{8BA7517F-E9F0-4B8E-BCB6-2CE20FC04464}.Debug|Any CPU.ActiveCfg = Debug|Any CPU
		{8BA7517F-E9F0-4B8E-BCB6-2CE20FC04464}.Debug|Any CPU.Build.0 = Debug|Any CPU
		{8BA7517F-E9F0-4B8E-BCB6-2CE20FC04464}.Release|Any CPU.ActiveCfg = Release|Any CPU
		{8BA7517F-E9F0-4B8E-BCB6-2CE20FC04464}.Release|Any CPU.Build.0 = Release|Any CPU
	EndGlobalSection
	GlobalSection(SolutionProperties) = preSolution
		HideSolutionNode = FALSE
	EndGlobalSection
	GlobalSection(ExtensibilityGlobals) = postSolution
		SolutionGuid = {56F07F77-B7E8-4DF5-A8B0-D74AD33821DF}
	EndGlobalSection
EndGlobal
